
Microsoft Visual Studio Solution File, Format Version 12.00
# Visual Studio Version 17
VisualStudioVersion = 17.7.34018.315
MinimumVisualStudioVersion = 10.0.40219.1
Project("{FAE04EC0-301F-11D3-BF4B-00C04F79EFBC}") = "BlackVintage", "BlackVintage.csproj", "{7880D3C6-305C-4C0E-9150-D507E48D58C4}"
EndProject
Project("{54435603-DBB4-11D2-8724-00A0C9A8B90C}") = "BVSetup", "..\BVSetup\BVSetup.vdproj", "{4C0D66E4-0FB9-4268-A6D4-0320A44C71D3}"
EndProject
Global
	GlobalSection(SolutionConfigurationPlatforms) = preSolution
		Debug|Any CPU = Debug|Any CPU
		Debug|x64 = Debug|x64
		Release|Any CPU = Release|Any CPU
		Release|x64 = Release|x64
	EndGlobalSection
	GlobalSection(ProjectConfigurationPlatforms) = postSolution
		{7880D3C6-305C-4C0E-9150-D507E48D58C4}.Debug|Any CPU.ActiveCfg = Debug|Any CPU
		{7880D3C6-305C-4C0E-9150-D507E48D58C4}.Debug|Any CPU.Build.0 = Debug|Any CPU
		{7880D3C6-305C-4C0E-9150-D507E48D58C4}.Debug|x64.ActiveCfg = Debug|x64
		{7880D3C6-305C-4C0E-9150-D507E48D58C4}.Debug|x64.Build.0 = Debug|x64
		{7880D3C6-305C-4C0E-9150-D507E48D58C4}.Release|Any CPU.ActiveCfg = Release|Any CPU
		{7880D3C6-305C-4C0E-9150-D507E48D58C4}.Release|Any CPU.Build.0 = Release|Any CPU
		{7880D3C6-305C-4C0E-9150-D507E48D58C4}.Release|x64.ActiveCfg = Release|x64
		{7880D3C6-305C-4C0E-9150-D507E48D58C4}.Release|x64.Build.0 = Release|x64
		{4C0D66E4-0FB9-4268-A6D4-0320A44C71D3}.Debug|Any CPU.ActiveCfg = Debug
		{4C0D66E4-0FB9-4268-A6D4-0320A44C71D3}.Debug|x64.ActiveCfg = Debug
		{4C0D66E4-0FB9-4268-A6D4-0320A44C71D3}.Release|Any CPU.ActiveCfg = Release
		{4C0D66E4-0FB9-4268-A6D4-0320A44C71D3}.Release|Any CPU.Build.0 = Release
		{4C0D66E4-0FB9-4268-A6D4-0320A44C71D3}.Release|x64.ActiveCfg = Release
		{4C0D66E4-0FB9-4268-A6D4-0320A44C71D3}.Release|x64.Build.0 = Release
	EndGlobalSection
	GlobalSection(SolutionProperties) = preSolution
		HideSolutionNode = FALSE
	EndGlobalSection
	GlobalSection(ExtensibilityGlobals) = postSolution
		SolutionGuid = {761B6652-8619-4983-88FF-54B856A8F168}
	EndGlobalSection
EndGlobal
